// !$*UTF8*$!
{
	archiveVersion = 1;
	classes = {
	};
	objectVersion = 46;
	objects = {

/* Begin PBXBuildFile section */
		6800DE511CB5F7A7009E8416 /* main.m in Sources */ = {isa = PBXBuildFile; fileRef = 6800DE501CB5F7A7009E8416 /* main.m */; };
		6800DE541CB5F7A7009E8416 /* AppDelegate.m in Sources */ = {isa = PBXBuildFile; fileRef = 6800DE531CB5F7A7009E8416 /* AppDelegate.m */; };
		6800DE571CB5F7A7009E8416 /* ViewController.m in Sources */ = {isa = PBXBuildFile; fileRef = 6800DE561CB5F7A7009E8416 /* ViewController.m */; };
		6800DE5A1CB5F7A7009E8416 /* Main.storyboard in Resources */ = {isa = PBXBuildFile; fileRef = 6800DE581CB5F7A7009E8416 /* Main.storyboard */; };
		6800DE5C1CB5F7A7009E8416 /* Assets.xcassets in Resources */ = {isa = PBXBuildFile; fileRef = 6800DE5B1CB5F7A7009E8416 /* Assets.xcassets */; };
		6800DE5F1CB5F7A7009E8416 /* LaunchScreen.storyboard in Resources */ = {isa = PBXBuildFile; fileRef = 6800DE5D1CB5F7A7009E8416 /* LaunchScreen.storyboard */; };
		6800DE6A1CB5F7FD009E8416 /* ScanViewController.m in Sources */ = {isa = PBXBuildFile; fileRef = 6800DE681CB5F7FD009E8416 /* ScanViewController.m */; };
		6800DE6B1CB5F7FD009E8416 /* ScanViewController.xib in Resources */ = {isa = PBXBuildFile; fileRef = 6800DE691CB5F7FD009E8416 /* ScanViewController.xib */; };
		6800DE771CB61038009E8416 /* SVIndefiniteAnimatedView.m in Sources */ = {isa = PBXBuildFile; fileRef = 6800DE6E1CB61038009E8416 /* SVIndefiniteAnimatedView.m */; };
		6800DE781CB61038009E8416 /* SVProgressAnimatedView.m in Sources */ = {isa = PBXBuildFile; fileRef = 6800DE701CB61038009E8416 /* SVProgressAnimatedView.m */; };
		6800DE791CB61038009E8416 /* SVProgressHUD.bundle in Resources */ = {isa = PBXBuildFile; fileRef = 6800DE721CB61038009E8416 /* SVProgressHUD.bundle */; };
		6800DE7A1CB61038009E8416 /* SVProgressHUD.m in Sources */ = {isa = PBXBuildFile; fileRef = 6800DE741CB61038009E8416 /* SVProgressHUD.m */; };
		6800DE7B1CB61038009E8416 /* SVRadialGradientLayer.m in Sources */ = {isa = PBXBuildFile; fileRef = 6800DE761CB61038009E8416 /* SVRadialGradientLayer.m */; };
		6800DE7F1CB61512009E8416 /* ScanResultViewController.m in Sources */ = {isa = PBXBuildFile; fileRef = 6800DE7D1CB61512009E8416 /* ScanResultViewController.m */; };
		6800DE801CB61512009E8416 /* ScanResultViewController.xib in Resources */ = {isa = PBXBuildFile; fileRef = 6800DE7E1CB61512009E8416 /* ScanResultViewController.xib */; };
		6800DE841CB62380009E8416 /* ScanBoxView.m in Sources */ = {isa = PBXBuildFile; fileRef = 6800DE831CB62380009E8416 /* ScanBoxView.m */; };
		6800DE8C1CB6252D009E8416 /* scanBoxBg.png in Resources */ = {isa = PBXBuildFile; fileRef = 6800DE8A1CB6252D009E8416 /* scanBoxBg.png */; };
		6800DE8D1CB6252D009E8416 /* scanLine.png in Resources */ = {isa = PBXBuildFile; fileRef = 6800DE8B1CB6252D009E8416 /* scanLine.png */; };
/* End PBXBuildFile section */

/* Begin PBXFileReference section */
		6800DE4C1CB5F7A7009E8416 /* ScanDemo.app */ = {isa = PBXFileReference; explicitFileType = wrapper.application; includeInIndex = 0; path = ScanDemo.app; sourceTree = BUILT_PRODUCTS_DIR; };
		6800DE501CB5F7A7009E8416 /* main.m */ = {isa = PBXFileReference; lastKnownFileType = sourcecode.c.objc; path = main.m; sourceTree = "<group>"; };
		6800DE521CB5F7A7009E8416 /* AppDelegate.h */ = {isa = PBXFileReference; lastKnownFileType = sourcecode.c.h; path = AppDelegate.h; sourceTree = "<group>"; };
		6800DE531CB5F7A7009E8416 /* AppDelegate.m */ = {isa = PBXFileReference; lastKnownFileType = sourcecode.c.objc; path = AppDelegate.m; sourceTree = "<group>"; };
		6800DE551CB5F7A7009E8416 /* ViewController.h */ = {isa = PBXFileReference; lastKnownFileType = sourcecode.c.h; path = ViewController.h; sourceTree = "<group>"; };
		6800DE561CB5F7A7009E8416 /* ViewController.m */ = {isa = PBXFileReference; lastKnownFileType = sourcecode.c.objc; path = ViewController.m; sourceTree = "<group>"; };
		6800DE591CB5F7A7009E8416 /* Base */ = {isa = PBXFileReference; lastKnownFileType = file.storyboard; name = Base; path = Base.lproj/Main.storyboard; sourceTree = "<group>"; };
		6800DE5B1CB5F7A7009E8416 /* Assets.xcassets */ = {isa = PBXFileReference; lastKnownFileType = folder.assetcatalog; path = Assets.xcassets; sourceTree = "<group>"; };
		6800DE5E1CB5F7A7009E8416 /* Base */ = {isa = PBXFileReference; lastKnownFileType = file.storyboard; name = Base; path = Base.lproj/LaunchScreen.storyboard; sourceTree = "<group>"; };
		6800DE601CB5F7A7009E8416 /* Info.plist */ = {isa = PBXFileReference; lastKnownFileType = text.plist.xml; path = Info.plist; sourceTree = "<group>"; };
		6800DE671CB5F7FD009E8416 /* ScanViewController.h */ = {isa = PBXFileReference; fileEncoding = 4; lastKnownFileType = sourcecode.c.h; path = ScanViewController.h; sourceTree = "<group>"; };
		6800DE681CB5F7FD009E8416 /* ScanViewController.m */ = {isa = PBXFileReference; fileEncoding = 4; lastKnownFileType = sourcecode.c.objc; path = ScanViewController.m; sourceTree = "<group>"; };
		6800DE691CB5F7FD009E8416 /* ScanViewController.xib */ = {isa = PBXFileReference; fileEncoding = 4; lastKnownFileType = file.xib; path = ScanViewController.xib; sourceTree = "<group>"; };
		6800DE6D1CB61038009E8416 /* SVIndefiniteAnimatedView.h */ = {isa = PBXFileReference; fileEncoding = 4; lastKnownFileType = sourcecode.c.h; path = SVIndefiniteAnimatedView.h; sourceTree = "<group>"; };
		6800DE6E1CB61038009E8416 /* SVIndefiniteAnimatedView.m */ = {isa = PBXFileReference; fileEncoding = 4; lastKnownFileType = sourcecode.c.objc; path = SVIndefiniteAnimatedView.m; sourceTree = "<group>"; };
		6800DE6F1CB61038009E8416 /* SVProgressAnimatedView.h */ = {isa = PBXFileReference; fileEncoding = 4; lastKnownFileType = sourcecode.c.h; path = SVProgressAnimatedView.h; sourceTree = "<group>"; };
		6800DE701CB61038009E8416 /* SVProgressAnimatedView.m */ = {isa = PBXFileReference; fileEncoding = 4; lastKnownFileType = sourcecode.c.objc; path = SVProgressAnimatedView.m; sourceTree = "<group>"; };
		6800DE711CB61038009E8416 /* SVProgressHUD-Prefix.pch */ = {isa = PBXFileReference; fileEncoding = 4; lastKnownFileType = sourcecode.c.h; path = "SVProgressHUD-Prefix.pch"; sourceTree = "<group>"; };
		6800DE721CB61038009E8416 /* SVProgressHUD.bundle */ = {isa = PBXFileReference; lastKnownFileType = "wrapper.plug-in"; path = SVProgressHUD.bundle; sourceTree = "<group>"; };
		6800DE731CB61038009E8416 /* SVProgressHUD.h */ = {isa = PBXFileReference; fileEncoding = 4; lastKnownFileType = sourcecode.c.h; path = SVProgressHUD.h; sourceTree = "<group>"; };
		6800DE741CB61038009E8416 /* SVProgressHUD.m */ = {isa = PBXFileReference; fileEncoding = 4; lastKnownFileType = sourcecode.c.objc; path = SVProgressHUD.m; sourceTree = "<group>"; };
		6800DE751CB61038009E8416 /* SVRadialGradientLayer.h */ = {isa = PBXFileReference; fileEncoding = 4; lastKnownFileType = sourcecode.c.h; path = SVRadialGradientLayer.h; sourceTree = "<group>"; };
		6800DE761CB61038009E8416 /* SVRadialGradientLayer.m */ = {isa = PBXFileReference; fileEncoding = 4; lastKnownFileType = sourcecode.c.objc; path = SVRadialGradientLayer.m; sourceTree = "<group>"; };
		6800DE7C1CB61512009E8416 /* ScanResultViewController.h */ = {isa = PBXFileReference; fileEncoding = 4; lastKnownFileType = sourcecode.c.h; path = ScanResultViewController.h; sourceTree = "<group>"; };
		6800DE7D1CB61512009E8416 /* ScanResultViewController.m */ = {isa = PBXFileReference; fileEncoding = 4; lastKnownFileType = sourcecode.c.objc; path = ScanResultViewController.m; sourceTree = "<group>"; };
		6800DE7E1CB61512009E8416 /* ScanResultViewController.xib */ = {isa = PBXFileReference; fileEncoding = 4; lastKnownFileType = file.xib; path = ScanResultViewController.xib; sourceTree = "<group>"; };
		6800DE821CB62380009E8416 /* ScanBoxView.h */ = {isa = PBXFileReference; fileEncoding = 4; lastKnownFileType = sourcecode.c.h; path = ScanBoxView.h; sourceTree = "<group>"; };
		6800DE831CB62380009E8416 /* ScanBoxView.m */ = {isa = PBXFileReference; fileEncoding = 4; lastKnownFileType = sourcecode.c.objc; path = ScanBoxView.m; sourceTree = "<group>"; };
		6800DE8A1CB6252D009E8416 /* scanBoxBg.png */ = {isa = PBXFileReference; lastKnownFileType = image.png; path = scanBoxBg.png; sourceTree = "<group>"; };
		6800DE8B1CB6252D009E8416 /* scanLine.png */ = {isa = PBXFileReference; lastKnownFileType = image.png; path = scanLine.png; sourceTree = "<group>"; };
/* End PBXFileReference section */

/* Begin PBXFrameworksBuildPhase section */
		6800DE491CB5F7A7009E8416 /* Frameworks */ = {
			isa = PBXFrameworksBuildPhase;
			buildActionMask = 2147483647;
			files = (
			);
			runOnlyForDeploymentPostprocessing = 0;
		};
/* End PBXFrameworksBuildPhase section */

/* Begin PBXGroup section */
		6800DE431CB5F7A7009E8416 = {
			isa = PBXGroup;
			children = (
				6800DE4E1CB5F7A7009E8416 /* ScanDemo */,
				6800DE4D1CB5F7A7009E8416 /* Products */,
			);
			sourceTree = "<group>";
		};
		6800DE4D1CB5F7A7009E8416 /* Products */ = {
			isa = PBXGroup;
			children = (
				6800DE4C1CB5F7A7009E8416 /* ScanDemo.app */,
			);
			name = Products;
			sourceTree = "<group>";
		};
		6800DE4E1CB5F7A7009E8416 /* ScanDemo */ = {
			isa = PBXGroup;
			children = (
				6800DE6C1CB61038009E8416 /* SVProgressHUD */,
				6800DE661CB5F7EB009E8416 /* ScanVC */,
				6800DE521CB5F7A7009E8416 /* AppDelegate.h */,
				6800DE531CB5F7A7009E8416 /* AppDelegate.m */,
				6800DE551CB5F7A7009E8416 /* ViewController.h */,
				6800DE561CB5F7A7009E8416 /* ViewController.m */,
				6800DE581CB5F7A7009E8416 /* Main.storyboard */,
				6800DE5B1CB5F7A7009E8416 /* Assets.xcassets */,
				6800DE5D1CB5F7A7009E8416 /* LaunchScreen.storyboard */,
				6800DE601CB5F7A7009E8416 /* Info.plist */,
				6800DE4F1CB5F7A7009E8416 /* Supporting Files */,
			);
			path = ScanDemo;
			sourceTree = "<group>";
		};
		6800DE4F1CB5F7A7009E8416 /* Supporting Files */ = {
			isa = PBXGroup;
			children = (
				6800DE501CB5F7A7009E8416 /* main.m */,
			);
			name = "Supporting Files";
			sourceTree = "<group>";
		};
		6800DE661CB5F7EB009E8416 /* ScanVC */ = {
			isa = PBXGroup;
			children = (
				6800DE891CB6250F009E8416 /* Resources */,
				6800DE811CB62371009E8416 /* ScanBoxView */,
				6800DE671CB5F7FD009E8416 /* ScanViewController.h */,
				6800DE681CB5F7FD009E8416 /* ScanViewController.m */,
				6800DE691CB5F7FD009E8416 /* ScanViewController.xib */,
				6800DE7C1CB61512009E8416 /* ScanResultViewController.h */,
				6800DE7D1CB61512009E8416 /* ScanResultViewController.m */,
				6800DE7E1CB61512009E8416 /* ScanResultViewController.xib */,
			);
			path = ScanVC;
			sourceTree = "<group>";
		};
		6800DE6C1CB61038009E8416 /* SVProgressHUD */ = {
			isa = PBXGroup;
			children = (
				6800DE6D1CB61038009E8416 /* SVIndefiniteAnimatedView.h */,
				6800DE6E1CB61038009E8416 /* SVIndefiniteAnimatedView.m */,
				6800DE6F1CB61038009E8416 /* SVProgressAnimatedView.h */,
				6800DE701CB61038009E8416 /* SVProgressAnimatedView.m */,
				6800DE711CB61038009E8416 /* SVProgressHUD-Prefix.pch */,
				6800DE721CB61038009E8416 /* SVProgressHUD.bundle */,
				6800DE731CB61038009E8416 /* SVProgressHUD.h */,
				6800DE741CB61038009E8416 /* SVProgressHUD.m */,
				6800DE751CB61038009E8416 /* SVRadialGradientLayer.h */,
				6800DE761CB61038009E8416 /* SVRadialGradientLayer.m */,
			);
			path = SVProgressHUD;
			sourceTree = "<group>";
		};
		6800DE811CB62371009E8416 /* ScanBoxView */ = {
			isa = PBXGroup;
			children = (
				6800DE821CB62380009E8416 /* ScanBoxView.h */,
				6800DE831CB62380009E8416 /* ScanBoxView.m */,
			);
			path = ScanBoxView;
			sourceTree = "<group>";
		};
		6800DE891CB6250F009E8416 /* Resources */ = {
			isa = PBXGroup;
			children = (
				6800DE8A1CB6252D009E8416 /* scanBoxBg.png */,
				6800DE8B1CB6252D009E8416 /* scanLine.png */,
			);
			path = Resources;
			sourceTree = "<group>";
		};
/* End PBXGroup section */

/* Begin PBXNativeTarget section */
		6800DE4B1CB5F7A7009E8416 /* ScanDemo */ = {
			isa = PBXNativeTarget;
			buildConfigurationList = 6800DE631CB5F7A7009E8416 /* Build configuration list for PBXNativeTarget "ScanDemo" */;
			buildPhases = (
				6800DE481CB5F7A7009E8416 /* Sources */,
				6800DE491CB5F7A7009E8416 /* Frameworks */,
				6800DE4A1CB5F7A7009E8416 /* Resources */,
			);
			buildRules = (
			);
			dependencies = (
			);
			name = ScanDemo;
			productName = ScanDemo;
			productReference = 6800DE4C1CB5F7A7009E8416 /* ScanDemo.app */;
			productType = "com.apple.product-type.application";
		};
/* End PBXNativeTarget section */

/* Begin PBXProject section */
		6800DE441CB5F7A7009E8416 /* Project object */ = {
			isa = PBXProject;
			attributes = {
				LastUpgradeCheck = 0730;
				ORGANIZATIONNAME = "韩威";
				TargetAttributes = {
					6800DE4B1CB5F7A7009E8416 = {
						CreatedOnToolsVersion = 7.3;
					};
				};
			};
			buildConfigurationList = 6800DE471CB5F7A7009E8416 /* Build configuration list for PBXProject "ScanDemo" */;
			compatibilityVersion = "Xcode 3.2";
			developmentRegion = English;
			hasScannedForEncodings = 0;
			knownRegions = (
				en,
				Base,
			);
			mainGroup = 6800DE431CB5F7A7009E8416;
			productRefGroup = 6800DE4D1CB5F7A7009E8416 /* Products */;
			projectDirPath = "";
			projectRoot = "";
			targets = (
				6800DE4B1CB5F7A7009E8416 /* ScanDemo */,
			);
		};
/* End PBXProject section */

/* Begin PBXResourcesBuildPhase section */
		6800DE4A1CB5F7A7009E8416 /* Resources */ = {
			isa = PBXResourcesBuildPhase;
			buildActionMask = 2147483647;
			files = (
				6800DE791CB61038009E8416 /* SVProgressHUD.bundle in Resources */,
				6800DE5F1CB5F7A7009E8416 /* LaunchScreen.storyboard in Resources */,
				6800DE801CB61512009E8416 /* ScanResultViewController.xib in Resources */,
				6800DE8C1CB6252D009E8416 /* scanBoxBg.png in Resources */,
				6800DE8D1CB6252D009E8416 /* scanLine.png in Resources */,
				6800DE5C1CB5F7A7009E8416 /* Assets.xcassets in Resources */,
				6800DE5A1CB5F7A7009E8416 /* Main.storyboard in Resources */,
				6800DE6B1CB5F7FD009E8416 /* ScanViewController.xib in Resources */,
			);
			runOnlyForDeploymentPostprocessing = 0;
		};
/* End PBXResourcesBuildPhase section */

/* Begin PBXSourcesBuildPhase section */
		6800DE481CB5F7A7009E8416 /* Sources */ = {
			isa = PBXSourcesBuildPhase;
			buildActionMask = 2147483647;
			files = (
				6800DE771CB61038009E8416 /* SVIndefiniteAnimatedView.m in Sources */,
				6800DE7F1CB61512009E8416 /* ScanResultViewController.m in Sources */,
				6800DE571CB5F7A7009E8416 /* ViewController.m in Sources */,
				6800DE541CB5F7A7009E8416 /* AppDelegate.m in Sources */,
				6800DE7B1CB61038009E8416 /* SVRadialGradientLayer.m in Sources */,
				6800DE7A1CB61038009E8416 /* SVProgressHUD.m in Sources */,
				6800DE511CB5F7A7009E8416 /* main.m in Sources */,
				6800DE841CB62380009E8416 /* ScanBoxView.m in Sources */,
				6800DE6A1CB5F7FD009E8416 /* ScanViewController.m in Sources */,
				6800DE781CB61038009E8416 /* SVProgressAnimatedView.m in Sources */,
			);
			runOnlyForDeploymentPostprocessing = 0;
		};
/* End PBXSourcesBuildPhase section */

/* Begin PBXVariantGroup section */
		6800DE581CB5F7A7009E8416 /* Main.storyboard */ = {
			isa = PBXVariantGroup;
			children = (
				6800DE591CB5F7A7009E8416 /* Base */,
			);
			name = Main.storyboard;
			sourceTree = "<group>";
		};
		6800DE5D1CB5F7A7009E8416 /* LaunchScreen.storyboard */ = {
			isa = PBXVariantGroup;
			children = (
				6800DE5E1CB5F7A7009E8416 /* Base */,
			);
			name = LaunchScreen.storyboard;
			sourceTree = "<group>";
		};
/* End PBXVariantGroup section */

/* Begin XCBuildConfiguration section */
		6800DE611CB5F7A7009E8416 /* Debug */ = {
			isa = XCBuildConfiguration;
			buildSettings = {
				ALWAYS_SEARCH_USER_PATHS = NO;
				CLANG_ANALYZER_NONNULL = YES;
				CLANG_CXX_LANGUAGE_STANDARD = "gnu++0x";
				CLANG_CXX_LIBRARY = "libc++";
				CLANG_ENABLE_MODULES = YES;
				CLANG_ENABLE_OBJC_ARC = YES;
				CLANG_WARN_BOOL_CONVERSION = YES;
				CLANG_WARN_CONSTANT_CONVERSION = YES;
				CLANG_WARN_DIRECT_OBJC_ISA_USAGE = YES_ERROR;
				CLANG_WARN_EMPTY_BODY = YES;
				CLANG_WARN_ENUM_CONVERSION = YES;
				CLANG_WARN_INT_CONVERSION = YES;
				CLANG_WARN_OBJC_ROOT_CLASS = YES_ERROR;
				CLANG_WARN_UNREACHABLE_CODE = YES;
				CLANG_WARN__DUPLICATE_METHOD_MATCH = YES;
				"CODE_SIGN_IDENTITY[sdk=iphoneos*]" = "iPhone Developer";
				COPY_PHASE_STRIP = NO;
				DEBUG_INFORMATION_FORMAT = dwarf;
				ENABLE_STRICT_OBJC_MSGSEND = YES;
				ENABLE_TESTABILITY = YES;
				GCC_C_LANGUAGE_STANDARD = gnu99;
				GCC_DYNAMIC_NO_PIC = NO;
				GCC_NO_COMMON_BLOCKS = YES;
				GCC_OPTIMIZATION_LEVEL = 0;
				GCC_PREPROCESSOR_DEFINITIONS = (
					"DEBUG=1",
					"$(inherited)",
				);
				GCC_WARN_64_TO_32_BIT_CONVERSION = YES;
				GCC_WARN_ABOUT_RETURN_TYPE = YES_ERROR;
				GCC_WARN_UNDECLARED_SELECTOR = YES;
				GCC_WARN_UNINITIALIZED_AUTOS = YES_AGGRESSIVE;
				GCC_WARN_UNUSED_FUNCTION = YES;
				GCC_WARN_UNUSED_VARIABLE = YES;
				IPHONEOS_DEPLOYMENT_TARGET = 9.3;
				MTL_ENABLE_DEBUG_INFO = YES;
				ONLY_ACTIVE_ARCH = YES;
				SDKROOT = iphoneos;
				TARGETED_DEVICE_FAMILY = "1,2";
			};
			name = Debug;
		};
		6800DE621CB5F7A7009E8416 /* Release */ = {
			isa = XCBuildConfiguration;
			buildSettings = {
				ALWAYS_SEARCH_USER_PATHS = NO;
				CLANG_ANALYZER_NONNULL = YES;
				CLANG_CXX_LANGUAGE_STANDARD = "gnu++0x";
				CLANG_CXX_LIBRARY = "libc++";
				CLANG_ENABLE_MODULES = YES;
				CLANG_ENABLE_OBJC_ARC = YES;
				CLANG_WARN_BOOL_CONVERSION = YES;
				CLANG_WARN_CONSTANT_CONVERSION = YES;
				CLANG_WARN_DIRECT_OBJC_ISA_USAGE = YES_ERROR;
				CLANG_WARN_EMPTY_BODY = YES;
				CLANG_WARN_ENUM_CONVERSION = YES;
				CLANG_WARN_INT_CONVERSION = YES;
				CLANG_WARN_OBJC_ROOT_CLASS = YES_ERROR;
				CLANG_WARN_UNREACHABLE_CODE = YES;
				CLANG_WARN__DUPLICATE_METHOD_MATCH = YES;
				"CODE_SIGN_IDENTITY[sdk=iphoneos*]" = "iPhone Developer";
				COPY_PHASE_STRIP = NO;
				DEBUG_INFORMATION_FORMAT = "dwarf-with-dsym";
				ENABLE_NS_ASSERTIONS = NO;
				ENABLE_STRICT_OBJC_MSGSEND = YES;
				GCC_C_LANGUAGE_STANDARD = gnu99;
				GCC_NO_COMMON_BLOCKS = YES;
				GCC_WARN_64_TO_32_BIT_CONVERSION = YES;
				GCC_WARN_ABOUT_RETURN_TYPE = YES_ERROR;
				GCC_WARN_UNDECLARED_SELECTOR = YES;
				GCC_WARN_UNINITIALIZED_AUTOS = YES_AGGRESSIVE;
				GCC_WARN_UNUSED_FUNCTION = YES;
				GCC_WARN_UNUSED_VARIABLE = YES;
				IPHONEOS_DEPLOYMENT_TARGET = 9.3;
				MTL_ENABLE_DEBUG_INFO = NO;
				SDKROOT = iphoneos;
				TARGETED_DEVICE_FAMILY = "1,2";
				VALIDATE_PRODUCT = YES;
			};
			name = Release;
		};
		6800DE641CB5F7A7009E8416 /* Debug */ = {
			isa = XCBuildConfiguration;
			buildSettings = {
				ASSETCATALOG_COMPILER_APPICON_NAME = AppIcon;
				INFOPLIST_FILE = ScanDemo/Info.plist;
				LD_RUNPATH_SEARCH_PATHS = "$(inherited) @executable_path/Frameworks";
				PRODUCT_BUNDLE_IDENTIFIER = com.banana.ScanDemo;
				PRODUCT_NAME = "$(TARGET_NAME)";
			};
			name = Debug;
		};
		6800DE651CB5F7A7009E8416 /* Release */ = {
			isa = XCBuildConfiguration;
			buildSettings = {
				ASSETCATALOG_COMPILER_APPICON_NAME = AppIcon;
				INFOPLIST_FILE = ScanDemo/Info.plist;
				LD_RUNPATH_SEARCH_PATHS = "$(inherited) @executable_path/Frameworks";
				PRODUCT_BUNDLE_IDENTIFIER = com.banana.ScanDemo;
				PRODUCT_NAME = "$(TARGET_NAME)";
			};
			name = Release;
		};
/* End XCBuildConfiguration section */

/* Begin XCConfigurationList section */
		6800DE471CB5F7A7009E8416 /* Build configuration list for PBXProject "ScanDemo" */ = {
			isa = XCConfigurationList;
			buildConfigurations = (
				6800DE611CB5F7A7009E8416 /* Debug */,
				6800DE621CB5F7A7009E8416 /* Release */,
			);
			defaultConfigurationIsVisible = 0;
			defaultConfigurationName = Release;
		};
		6800DE631CB5F7A7009E8416 /* Build configuration list for PBXNativeTarget "ScanDemo" */ = {
			isa = XCConfigurationList;
			buildConfigurations = (
				6800DE641CB5F7A7009E8416 /* Debug */,
				6800DE651CB5F7A7009E8416 /* Release */,
			);
			defaultConfigurationIsVisible = 0;
		};
/* End XCConfigurationList section */
	};
	rootObject = 6800DE441CB5F7A7009E8416 /* Project object */;
}
